schema: '2.0'
stages:
  convert_baseline:
    cmd: python3 scripts/convert_sas_to_feather.py --input_filename data/raw_data/merged_baseline.sas7bdat
      --output_filename data/raw_data/baseline.feather
    deps:
    - path: data/raw_data/merged_baseline.sas7bdat
      md5: 0a9c83fa2592b6257ec8328834955183
      size: 93978624
    - path: scripts/convert_sas_to_feather.py
      md5: 692c25ee75e606aff15b529d8a562228
      size: 738
    outs:
    - path: data/raw_data/baseline.feather
      md5: 753fac5aaa8aa27b29643fe32b206506
      size: 31934690
  convert_inr:
    cmd: python3 scripts/convert_sas_to_feather.py --input_filename data/raw_data/merged_inr.sas7bdat
      --output_filename data/raw_data/inr.feather
    deps:
    - path: data/raw_data/merged_inr.sas7bdat
      md5: c1e39f337ef4deacc55eb55dd5e84840
      size: 1338245120
    - path: scripts/convert_sas_to_feather.py
      md5: 692c25ee75e606aff15b529d8a562228
      size: 738
    outs:
    - path: data/raw_data/inr.feather
      md5: 8c0562a1bb26f1fd910582ca7c3f2252
      size: 263391586
  convert_events:
    cmd: python3 scripts/convert_sas_to_feather.py --input_filename data/raw_data/merged_events.sas7bdat
      --output_filename data/raw_data/events.feather
    deps:
    - path: data/raw_data/merged_events.sas7bdat
      md5: 5c071f4777f39678e72fca9c16a69430
      size: 253378560
    - path: scripts/convert_sas_to_feather.py
      md5: 692c25ee75e606aff15b529d8a562228
      size: 738
    outs:
    - path: data/raw_data/events.feather
      md5: 9d4e3405130483184e4d600339851997
      size: 7940194
  preprocess:
    cmd: python3 scripts/preprocess_combine_af.py --baseline_path data/raw_data/baseline.feather
      --inr_path data/raw_data/inr.feather --events_path data/raw_data/events.feather
      --output_directory data/clean_data
    deps:
    - path: data/raw_data/baseline.feather
      md5: 753fac5aaa8aa27b29643fe32b206506
      size: 31934690
    - path: data/raw_data/events.feather
      md5: 9d4e3405130483184e4d600339851997
      size: 7940194
    - path: data/raw_data/inr.feather
      md5: 8c0562a1bb26f1fd910582ca7c3f2252
      size: 263391586
    - path: scripts/preprocess_combine_af.py
      md5: 68d2cceafd46cd788034ca6451d6d458
      size: 5322
    - path: warfarin/config.py
      md5: 4f0bd7cc1dbfdc37789143524b57e410
      size: 4667
    outs:
    - path: data/auditing
      md5: 7a4e8e21e1dc4817f86de0b8bbd71ff1.dir
      size: 386038904
      nfiles: 16
    - path: data/clean_data
      md5: 2f44c4301ae4783902514bbc71cda4d2.dir
      size: 54599214
      nfiles: 7
  audit_preprocess:
    cmd: python3 scripts/audit_combine_preprocessing.py > output/combine_preprocess_audit.txt
    deps:
    - path: data/auditing
      md5: 8dd99135e4707f371e7fd86f32469be2.dir
      size: 386239518
      nfiles: 18
    - path: data/clean_data
      md5: 2f44c4301ae4783902514bbc71cda4d2.dir
      size: 54599214
      nfiles: 7
